
Microsoft Visual Studio Solution File, Format Version 12.00
# Visual Studio Version 17
VisualStudioVersion = 17.3.32929.385
MinimumVisualStudioVersion = 10.0.40219.1
Project("{9A19103F-16F7-4668-BE54-9A1E7A4F7556}") = "Stage0", "Stage0\Stage0.csproj", "{8E596B47-83CD-4D3B-A048-EF86C1E87BE3}"
EndProject
Project("{2150E333-8FDC-42A3-9474-1A3956D46DE8}") = "Solution Items", "Solution Items", "{F05D90CC-1B40-46AC-8E2F-322B59A9329F}"
	ProjectSection(SolutionItems) = preProject
		README.md = README.md
	EndProjectSection
EndProject
Project("{9A19103F-16F7-4668-BE54-9A1E7A4F7556}") = "DalFacade", "DalFacade\DalFacade.csproj", "{F521617C-164E-4647-BE01-9D651600A929}"
EndProject
Project("{9A19103F-16F7-4668-BE54-9A1E7A4F7556}") = "DalList", "DalList\DalList.csproj", "{505262C8-1C74-4BFB-A2F3-B166947B9AE7}"
EndProject
Project("{9A19103F-16F7-4668-BE54-9A1E7A4F7556}") = "DalTest", "DalTest\DalTest.csproj", "{5B87563A-9392-4475-BB17-74037F8F24E3}"
EndProject
Project("{9A19103F-16F7-4668-BE54-9A1E7A4F7556}") = "BL", "BL\BL.csproj", "{D75163B2-8392-4FA4-B70B-34F1750784AE}"
EndProject
Project("{9A19103F-16F7-4668-BE54-9A1E7A4F7556}") = "BlTest", "BlTest\BlTest.csproj", "{E95A8D6D-C91C-4696-A2F1-92D67751BDE2}"
EndProject
Project("{9A19103F-16F7-4668-BE54-9A1E7A4F7556}") = "PL", "PL\PL.csproj", "{589725B9-AB2C-4EDE-AE03-BA274911EB20}"
EndProject
Project("{2150E333-8FDC-42A3-9474-1A3956D46DE8}") = "xml", "xml", "{B229ECC3-5954-4BD7-93E5-29173A2FB557}"
	ProjectSection(SolutionItems) = preProject
		configuration.xml = configuration.xml
		xml\dal-config.xml = xml\dal-config.xml
		xml\orderItems.xml = xml\orderItems.xml
		xml\orders.xml = xml\orders.xml
		xml\products.xml = xml\products.xml
	EndProjectSection
EndProject
Project("{2150E333-8FDC-42A3-9474-1A3956D46DE8}") = "pics", "pics", "{520E017D-95F9-488C-935D-5F3E29F2D387}"
	ProjectSection(SolutionItems) = preProject
		pics\IMG100000.jpg = pics\IMG100000.jpg
		pics\IMG100001.jpg = pics\IMG100001.jpg
		pics\IMG100002.jpg = pics\IMG100002.jpg
		pics\IMG100003.jpg = pics\IMG100003.jpg
		pics\IMG100004.jpg = pics\IMG100004.jpg
		pics\IMG100005.jpg = pics\IMG100005.jpg
		pics\IMG100006.jpg = pics\IMG100006.jpg
		pics\IMG100007.jpg = pics\IMG100007.jpg
		pics\IMG100008.jpg = pics\IMG100008.jpg
		pics\IMG100009.jpg = pics\IMG100009.jpg
		pics\IMG200000.jpg = pics\IMG200000.jpg
		pics\IMG200001.jpg = pics\IMG200001.jpg
		pics\IMG200002.jpg = pics\IMG200002.jpg
		pics\IMG200003.jpg = pics\IMG200003.jpg
		pics\IMG200004.jpg = pics\IMG200004.jpg
		pics\IMG200005.jpg = pics\IMG200005.jpg
		pics\IMG200006.jpg = pics\IMG200006.jpg
		pics\IMG200007.jpg = pics\IMG200007.jpg
		pics\IMG200008.jpg = pics\IMG200008.jpg
		pics\IMG200009.jpg = pics\IMG200009.jpg
		pics\IMG300000.jpg = pics\IMG300000.jpg
		pics\IMG300001.jpg = pics\IMG300001.jpg
		pics\IMG300002.jpg = pics\IMG300002.jpg
		pics\IMG300003.jpg = pics\IMG300003.jpg
		pics\IMG300004.jpg = pics\IMG300004.jpg
		pics\IMG300005.jpg = pics\IMG300005.jpg
		pics\IMG300006.jpg = pics\IMG300006.jpg
		pics\IMG300007.jpg = pics\IMG300007.jpg
		pics\IMG300008.jpg = pics\IMG300008.jpg
		pics\IMG300009.jpg = pics\IMG300009.jpg
		pics\IMG400000.jpg = pics\IMG400000.jpg
		pics\IMG400001.jpg = pics\IMG400001.jpg
		pics\IMG400002.jpg = pics\IMG400002.jpg
		pics\IMG400003.jpg = pics\IMG400003.jpg
		pics\IMG400004.jpg = pics\IMG400004.jpg
		pics\IMG400005.jpg = pics\IMG400005.jpg
		pics\IMG400006.jpg = pics\IMG400006.jpg
		pics\IMG400007.jpg = pics\IMG400007.jpg
		pics\IMG400008.jpg = pics\IMG400008.jpg
		pics\IMG400009.jpg = pics\IMG400009.jpg
		pics\IMG_FAILURE.jpg = pics\IMG_FAILURE.jpg
	EndProjectSection
EndProject
Project("{9A19103F-16F7-4668-BE54-9A1E7A4F7556}") = "DalXml", "DalXml\DalXml.csproj", "{E3B04059-6569-4249-946F-7EBC5A2E62EA}"
EndProject
Global
	GlobalSection(SolutionConfigurationPlatforms) = preSolution
		Debug|Any CPU = Debug|Any CPU
		Release|Any CPU = Release|Any CPU
	EndGlobalSection
	GlobalSection(ProjectConfigurationPlatforms) = postSolution
		{8E596B47-83CD-4D3B-A048-EF86C1E87BE3}.Debug|Any CPU.ActiveCfg = Debug|Any CPU
		{8E596B47-83CD-4D3B-A048-EF86C1E87BE3}.Debug|Any CPU.Build.0 = Debug|Any CPU
		{8E596B47-83CD-4D3B-A048-EF86C1E87BE3}.Release|Any CPU.ActiveCfg = Release|Any CPU
		{8E596B47-83CD-4D3B-A048-EF86C1E87BE3}.Release|Any CPU.Build.0 = Release|Any CPU
		{F521617C-164E-4647-BE01-9D651600A929}.Debug|Any CPU.ActiveCfg = Debug|Any CPU
		{F521617C-164E-4647-BE01-9D651600A929}.Debug|Any CPU.Build.0 = Debug|Any CPU
		{F521617C-164E-4647-BE01-9D651600A929}.Release|Any CPU.ActiveCfg = Release|Any CPU
		{F521617C-164E-4647-BE01-9D651600A929}.Release|Any CPU.Build.0 = Release|Any CPU
		{505262C8-1C74-4BFB-A2F3-B166947B9AE7}.Debug|Any CPU.ActiveCfg = Debug|Any CPU
		{505262C8-1C74-4BFB-A2F3-B166947B9AE7}.Debug|Any CPU.Build.0 = Debug|Any CPU
		{505262C8-1C74-4BFB-A2F3-B166947B9AE7}.Release|Any CPU.ActiveCfg = Release|Any CPU
		{505262C8-1C74-4BFB-A2F3-B166947B9AE7}.Release|Any CPU.Build.0 = Release|Any CPU
		{5B87563A-9392-4475-BB17-74037F8F24E3}.Debug|Any CPU.ActiveCfg = Debug|Any CPU
		{5B87563A-9392-4475-BB17-74037F8F24E3}.Debug|Any CPU.Build.0 = Debug|Any CPU
		{5B87563A-9392-4475-BB17-74037F8F24E3}.Release|Any CPU.ActiveCfg = Release|Any CPU
		{5B87563A-9392-4475-BB17-74037F8F24E3}.Release|Any CPU.Build.0 = Release|Any CPU
		{D75163B2-8392-4FA4-B70B-34F1750784AE}.Debug|Any CPU.ActiveCfg = Debug|Any CPU
		{D75163B2-8392-4FA4-B70B-34F1750784AE}.Debug|Any CPU.Build.0 = Debug|Any CPU
		{D75163B2-8392-4FA4-B70B-34F1750784AE}.Release|Any CPU.ActiveCfg = Release|Any CPU
		{D75163B2-8392-4FA4-B70B-34F1750784AE}.Release|Any CPU.Build.0 = Release|Any CPU
		{E95A8D6D-C91C-4696-A2F1-92D67751BDE2}.Debug|Any CPU.ActiveCfg = Debug|Any CPU
		{E95A8D6D-C91C-4696-A2F1-92D67751BDE2}.Debug|Any CPU.Build.0 = Debug|Any CPU
		{E95A8D6D-C91C-4696-A2F1-92D67751BDE2}.Release|Any CPU.ActiveCfg = Release|Any CPU
		{E95A8D6D-C91C-4696-A2F1-92D67751BDE2}.Release|Any CPU.Build.0 = Release|Any CPU
		{589725B9-AB2C-4EDE-AE03-BA274911EB20}.Debug|Any CPU.ActiveCfg = Debug|Any CPU
		{589725B9-AB2C-4EDE-AE03-BA274911EB20}.Debug|Any CPU.Build.0 = Debug|Any CPU
		{589725B9-AB2C-4EDE-AE03-BA274911EB20}.Release|Any CPU.ActiveCfg = Release|Any CPU
		{589725B9-AB2C-4EDE-AE03-BA274911EB20}.Release|Any CPU.Build.0 = Release|Any CPU
		{E3B04059-6569-4249-946F-7EBC5A2E62EA}.Debug|Any CPU.ActiveCfg = Debug|Any CPU
		{E3B04059-6569-4249-946F-7EBC5A2E62EA}.Debug|Any CPU.Build.0 = Debug|Any CPU
		{E3B04059-6569-4249-946F-7EBC5A2E62EA}.Release|Any CPU.ActiveCfg = Release|Any CPU
		{E3B04059-6569-4249-946F-7EBC5A2E62EA}.Release|Any CPU.Build.0 = Release|Any CPU
	EndGlobalSection
	GlobalSection(SolutionProperties) = preSolution
		HideSolutionNode = FALSE
	EndGlobalSection
	GlobalSection(ExtensibilityGlobals) = postSolution
		SolutionGuid = {AAD13E4B-0DE6-4657-9F0D-AB34C77B6494}
	EndGlobalSection
EndGlobal
